
Microsoft Visual Studio Solution File, Format Version 12.00
# Visual Studio Version 17
VisualStudioVersion = 17.14.37111.16 d17.14
MinimumVisualStudioVersion = 10.0.40219.1
Project("{FAE04EC0-301F-11D3-BF4B-00C04F79EFBC}") = "CodeChallenge2", "CodeChallenge2\CodeChallenge2.csproj", "{8D30A5FE-44A7-4566-9E9D-B8CA66C868A4}"
EndProject
Global
	GlobalSection(SolutionConfigurationPlatforms) = preSolution
		Debug|Any CPU = Debug|Any CPU
		Release|Any CPU = Release|Any CPU
	EndGlobalSection
	GlobalSection(ProjectConfigurationPlatforms) = postSolution
		{8D30A5FE-44A7-4566-9E9D-B8CA66C868A4}.Debug|Any CPU.ActiveCfg = Debug|Any CPU
		{8D30A5FE-44A7-4566-9E9D-B8CA66C868A4}.Debug|Any CPU.Build.0 = Debug|Any CPU
		{8D30A5FE-44A7-4566-9E9D-B8CA66C868A4}.Release|Any CPU.ActiveCfg = Release|Any CPU
		{8D30A5FE-44A7-4566-9E9D-B8CA66C868A4}.Release|Any CPU.Build.0 = Release|Any CPU
	EndGlobalSection
	GlobalSection(SolutionProperties) = preSolution
		HideSolutionNode = FALSE
	EndGlobalSection
	GlobalSection(ExtensibilityGlobals) = postSolution
		SolutionGuid = {22F4958A-E9D7-45B9-AB9A-2BC8B4627462}
	EndGlobalSection
EndGlobal
