
Microsoft Visual Studio Solution File, Format Version 12.00
# Visual Studio Version 17
VisualStudioVersion = 17.14.37111.16 d17.14
MinimumVisualStudioVersion = 10.0.40219.1
Project("{FAE04EC0-301F-11D3-BF4B-00C04F79EFBC}") = "CodeChallenge1", "CodeChallenge1\CodeChallenge1.csproj", "{3B6A2DFA-29C0-444E-8A78-C3F66823FBF6}"
EndProject
Global
	GlobalSection(SolutionConfigurationPlatforms) = preSolution
		Debug|Any CPU = Debug|Any CPU
		Release|Any CPU = Release|Any CPU
	EndGlobalSection
	GlobalSection(ProjectConfigurationPlatforms) = postSolution
		{3B6A2DFA-29C0-444E-8A78-C3F66823FBF6}.Debug|Any CPU.ActiveCfg = Debug|Any CPU
		{3B6A2DFA-29C0-444E-8A78-C3F66823FBF6}.Debug|Any CPU.Build.0 = Debug|Any CPU
		{3B6A2DFA-29C0-444E-8A78-C3F66823FBF6}.Release|Any CPU.ActiveCfg = Release|Any CPU
		{3B6A2DFA-29C0-444E-8A78-C3F66823FBF6}.Release|Any CPU.Build.0 = Release|Any CPU
	EndGlobalSection
	GlobalSection(SolutionProperties) = preSolution
		HideSolutionNode = FALSE
	EndGlobalSection
	GlobalSection(ExtensibilityGlobals) = postSolution
		SolutionGuid = {7C9AC4A7-ACAF-4BEF-8C6F-FB065CA2C408}
	EndGlobalSection
EndGlobal
